
Microsoft Visual Studio Solution File, Format Version 12.00
# Visual Studio 15
Project("{FAE04EC0-301F-11D3-BF4B-00C04F79EFBC}") = "Assembly-CSharp", "Assembly-CSharp.csproj", "{06C67CB8-6237-DAE6-F724-C8148C8342B7}"
EndProject
Project("{FAE04EC0-301F-11D3-BF4B-00C04F79EFBC}") = "Assembly-CSharp-Editor", "Assembly-CSharp-Editor.csproj", "{FE70474C-EE41-3EA8-CCF0-7FFFDCC27B75}"
EndProject
Global
	GlobalSection(SolutionConfigurationPlatforms) = preSolution
		Debug|Any CPU = Debug|Any CPU
		Release|Any CPU = Release|Any CPU
	EndGlobalSection
	GlobalSection(ProjectConfigurationPlatforms) = postSolution
		{06C67CB8-6237-DAE6-F724-C8148C8342B7}.Debug|Any CPU.ActiveCfg = Debug|Any CPU
		{06C67CB8-6237-DAE6-F724-C8148C8342B7}.Debug|Any CPU.Build.0 = Debug|Any CPU
		{06C67CB8-6237-DAE6-F724-C8148C8342B7}.Release|Any CPU.ActiveCfg = Release|Any CPU
		{06C67CB8-6237-DAE6-F724-C8148C8342B7}.Release|Any CPU.Build.0 = Release|Any CPU
		{FE70474C-EE41-3EA8-CCF0-7FFFDCC27B75}.Debug|Any CPU.ActiveCfg = Debug|Any CPU
		{FE70474C-EE41-3EA8-CCF0-7FFFDCC27B75}.Debug|Any CPU.Build.0 = Debug|Any CPU
		{FE70474C-EE41-3EA8-CCF0-7FFFDCC27B75}.Release|Any CPU.ActiveCfg = Release|Any CPU
		{FE70474C-EE41-3EA8-CCF0-7FFFDCC27B75}.Release|Any CPU.Build.0 = Release|Any CPU
	EndGlobalSection
	GlobalSection(SolutionProperties) = preSolution
		HideSolutionNode = FALSE
	EndGlobalSection
EndGlobal
